Microsoft Visual Studio Solution File, Format Version 12.00
# Visual Studio 15
VisualStudioVersion = 15.0.28307.168
MinimumVisualStudioVersion = 10.0.40219.1
Project("{8BC9CEB8-8B4A-11D0-8D11-00A0C91BC942}") = "mhooks", "mhooks\mhooks-2017.vcxproj", "{11CC070A-4C99-D845-E523-FEDF399D1340}"
EndProject
Project("{8BC9CEB8-8B4A-11D0-8D11-00A0C91BC942}") = "qwcl262-2017", "qwcl262-2017.vcxproj", "{1715D6F3-AE55-233B-B2C6-86C85740355E}"
EndProject
Project("{8BC9CEB8-8B4A-11D0-8D11-00A0C91BC942}") = "qwsv262-2017", "qwsv262-2017.vcxproj", "{99B79F7B-EA38-6578-4312-9CCCEF205B09}"
EndProject
Global
	GlobalSection(SolutionConfigurationPlatforms) = preSolution
		Debug|Win32 = Debug|Win32
		GLAuthRelease|Win32 = GLAuthRelease|Win32
		GLDebug|Win32 = GLDebug|Win32
		GLRelease|Win32 = GLRelease|Win32
		PR2Debug|Win32 = PR2Debug|Win32
		PR2Release|Win32 = PR2Release|Win32
		Release|Win32 = Release|Win32
	EndGlobalSection
	GlobalSection(ProjectConfigurationPlatforms) = postSolution
		{11CC070A-4C99-D845-E523-FEDF399D1340}.Debug|Win32.ActiveCfg = Debug|Win32
		{11CC070A-4C99-D845-E523-FEDF399D1340}.GLAuthRelease|Win32.ActiveCfg = Release|Win32
		{11CC070A-4C99-D845-E523-FEDF399D1340}.GLDebug|Win32.ActiveCfg = Debug|Win32
		{11CC070A-4C99-D845-E523-FEDF399D1340}.GLRelease|Win32.ActiveCfg = Release|Win32
		{11CC070A-4C99-D845-E523-FEDF399D1340}.PR2Debug|Win32.ActiveCfg = Debug|Win32
		{11CC070A-4C99-D845-E523-FEDF399D1340}.PR2Release|Win32.ActiveCfg = Release|Win32
		{11CC070A-4C99-D845-E523-FEDF399D1340}.Release|Win32.ActiveCfg = Release|Win32
		{1715D6F3-AE55-233B-B2C6-86C85740355E}.Debug|Win32.ActiveCfg = Release|Win32
		{1715D6F3-AE55-233B-B2C6-86C85740355E}.GLAuthRelease|Win32.ActiveCfg = GLAuthRelease|Win32
		{1715D6F3-AE55-233B-B2C6-86C85740355E}.GLDebug|Win32.ActiveCfg = GLDebug|Win32
		{1715D6F3-AE55-233B-B2C6-86C85740355E}.GLDebug|Win32.Build.0 = GLDebug|Win32
		{1715D6F3-AE55-233B-B2C6-86C85740355E}.GLRelease|Win32.ActiveCfg = GLRelease|Win32
		{1715D6F3-AE55-233B-B2C6-86C85740355E}.GLRelease|Win32.Build.0 = GLRelease|Win32
		{1715D6F3-AE55-233B-B2C6-86C85740355E}.PR2Debug|Win32.ActiveCfg = GLRelease|Win32
		{1715D6F3-AE55-233B-B2C6-86C85740355E}.PR2Debug|Win32.Build.0 = GLRelease|Win32
		{1715D6F3-AE55-233B-B2C6-86C85740355E}.PR2Release|Win32.ActiveCfg = Release|Win32
		{1715D6F3-AE55-233B-B2C6-86C85740355E}.Release|Win32.ActiveCfg = Release|Win32
		{99B79F7B-EA38-6578-4312-9CCCEF205B09}.Debug|Win32.ActiveCfg = Release|Win32
		{99B79F7B-EA38-6578-4312-9CCCEF205B09}.GLAuthRelease|Win32.ActiveCfg = Release|Win32
		{99B79F7B-EA38-6578-4312-9CCCEF205B09}.GLDebug|Win32.ActiveCfg = Release|Win32
		{99B79F7B-EA38-6578-4312-9CCCEF205B09}.GLRelease|Win32.ActiveCfg = Release|Win32
		{99B79F7B-EA38-6578-4312-9CCCEF205B09}.PR2Debug|Win32.ActiveCfg = PR2Debug|Win32
		{99B79F7B-EA38-6578-4312-9CCCEF205B09}.PR2Debug|Win32.Build.0 = PR2Debug|Win32
		{99B79F7B-EA38-6578-4312-9CCCEF205B09}.PR2Release|Win32.ActiveCfg = PR2Release|Win32
		{99B79F7B-EA38-6578-4312-9CCCEF205B09}.Release|Win32.ActiveCfg = Release|Win32
	EndGlobalSection
	GlobalSection(SolutionProperties) = preSolution
		HideSolutionNode = FALSE
	EndGlobalSection
	GlobalSection(ExtensibilityGlobals) = postSolution
		SolutionGuid = {126F245F-F9EC-443F-8AF7-E0D7F59EB9E2}
	EndGlobalSection
EndGlobal
